// !$*UTF8*$!
{
	archiveVersion = 1;
	classes = {
	};
	objectVersion = 56;
	objects = {

/* Begin PBXBuildFile section */
		6CE03D9C28DB054A007B295E /* AppDelegate.swift in Sources */ = {isa = PBXBuildFile; fileRef = 6CE03D9B28DB054A007B295E /* AppDelegate.swift */; };
		6CE03D9E28DB054A007B295E /* SceneDelegate.swift in Sources */ = {isa = PBXBuildFile; fileRef = 6CE03D9D28DB054A007B295E /* SceneDelegate.swift */; };
		6CE03DA028DB054A007B295E /* ViewControllerBase.swift in Sources */ = {isa = PBXBuildFile; fileRef = 6CE03D9F28DB054A007B295E /* ViewControllerBase.swift */; };
		6CE03DA328DB054A007B295E /* Main.storyboard in Resources */ = {isa = PBXBuildFile; fileRef = 6CE03DA128DB054A007B295E /* Main.storyboard */; };
		6CE03DA528DB054C007B295E /* Assets.xcassets in Resources */ = {isa = PBXBuildFile; fileRef = 6CE03DA428DB054C007B295E /* Assets.xcassets */; };
		6CE03DA828DB054C007B295E /* LaunchScreen.storyboard in Resources */ = {isa = PBXBuildFile; fileRef = 6CE03DA628DB054C007B295E /* LaunchScreen.storyboard */; };
		6CE03DB128DB081E007B295E /* ExternalDisplay.storyboard in Resources */ = {isa = PBXBuildFile; fileRef = 6CE03DAF28DB081E007B295E /* ExternalDisplay.storyboard */; };
		6CE03DB328DB0BA6007B295E /* MainViewController.swift in Sources */ = {isa = PBXBuildFile; fileRef = 6CE03DB228DB0BA6007B295E /* MainViewController.swift */; };
		6CE03DB528DB0BB2007B295E /* ExternalDisplayViewController.swift in Sources */ = {isa = PBXBuildFile; fileRef = 6CE03DB428DB0BB2007B295E /* ExternalDisplayViewController.swift */; };
		6CE03DB928DB0C63007B295E /* Settings.swift in Sources */ = {isa = PBXBuildFile; fileRef = 6CE03DB828DB0C63007B295E /* Settings.swift */; };
		6CE03DBD28DB18FA007B295E /* README.md in Resources */ = {isa = PBXBuildFile; fileRef = 6CE03DBC28DB18FA007B295E /* README.md */; };
		6CE03DBF28DC48FF007B295E /* LICENSE in Resources */ = {isa = PBXBuildFile; fileRef = 6CE03DBE28DC48FF007B295E /* LICENSE */; };
/* End PBXBuildFile section */

/* Begin PBXFileReference section */
		6CE03D9828DB054A007B295E /* ExternalDisplayAndStageManager.app */ = {isa = PBXFileReference; explicitFileType = wrapper.application; includeInIndex = 0; path = ExternalDisplayAndStageManager.app; sourceTree = BUILT_PRODUCTS_DIR; };
		6CE03D9B28DB054A007B295E /* AppDelegate.swift */ = {isa = PBXFileReference; lastKnownFileType = sourcecode.swift; path = AppDelegate.swift; sourceTree = "<group>"; };
		6CE03D9D28DB054A007B295E /* SceneDelegate.swift */ = {isa = PBXFileReference; lastKnownFileType = sourcecode.swift; path = SceneDelegate.swift; sourceTree = "<group>"; };
		6CE03D9F28DB054A007B295E /* ViewControllerBase.swift */ = {isa = PBXFileReference; lastKnownFileType = sourcecode.swift; path = ViewControllerBase.swift; sourceTree = "<group>"; };
		6CE03DA228DB054A007B295E /* Base */ = {isa = PBXFileReference; lastKnownFileType = file.storyboard; name = Base; path = Base.lproj/Main.storyboard; sourceTree = "<group>"; };
		6CE03DA428DB054C007B295E /* Assets.xcassets */ = {isa = PBXFileReference; lastKnownFileType = folder.assetcatalog; path = Assets.xcassets; sourceTree = "<group>"; };
		6CE03DA728DB054C007B295E /* Base */ = {isa = PBXFileReference; lastKnownFileType = file.storyboard; name = Base; path = Base.lproj/LaunchScreen.storyboard; sourceTree = "<group>"; };
		6CE03DA928DB054C007B295E /* Info.plist */ = {isa = PBXFileReference; lastKnownFileType = text.plist.xml; path = Info.plist; sourceTree = "<group>"; };
		6CE03DB028DB081E007B295E /* Base */ = {isa = PBXFileReference; lastKnownFileType = file.storyboard; name = Base; path = Base.lproj/ExternalDisplay.storyboard; sourceTree = "<group>"; };
		6CE03DB228DB0BA6007B295E /* MainViewController.swift */ = {isa = PBXFileReference; lastKnownFileType = sourcecode.swift; path = MainViewController.swift; sourceTree = "<group>"; };
		6CE03DB428DB0BB2007B295E /* ExternalDisplayViewController.swift */ = {isa = PBXFileReference; lastKnownFileType = sourcecode.swift; path = ExternalDisplayViewController.swift; sourceTree = "<group>"; };
		6CE03DB828DB0C63007B295E /* Settings.swift */ = {isa = PBXFileReference; lastKnownFileType = sourcecode.swift; path = Settings.swift; sourceTree = "<group>"; };
		6CE03DBC28DB18FA007B295E /* README.md */ = {isa = PBXFileReference; fileEncoding = 4; lastKnownFileType = net.daringfireball.markdown; path = README.md; sourceTree = "<group>"; };
		6CE03DBE28DC48FF007B295E /* LICENSE */ = {isa = PBXFileReference; fileEncoding = 4; lastKnownFileType = text; path = LICENSE; sourceTree = "<group>"; };
/* End PBXFileReference section */

/* Begin PBXFrameworksBuildPhase section */
		6CE03D9528DB054A007B295E /* Frameworks */ = {
			isa = PBXFrameworksBuildPhase;
			buildActionMask = 2147483647;
			files = (
			);
			runOnlyForDeploymentPostprocessing = 0;
		};
/* End PBXFrameworksBuildPhase section */

/* Begin PBXGroup section */
		6CE03D8F28DB054A007B295E = {
			isa = PBXGroup;
			children = (
				6CE03DBC28DB18FA007B295E /* README.md */,
				6CE03DBE28DC48FF007B295E /* LICENSE */,
				6CE03D9A28DB054A007B295E /* ExternalDisplayAndStageManager */,
				6CE03D9928DB054A007B295E /* Products */,
			);
			sourceTree = "<group>";
		};
		6CE03D9928DB054A007B295E /* Products */ = {
			isa = PBXGroup;
			children = (
				6CE03D9828DB054A007B295E /* ExternalDisplayAndStageManager.app */,
			);
			name = Products;
			sourceTree = "<group>";
		};
		6CE03D9A28DB054A007B295E /* ExternalDisplayAndStageManager */ = {
			isa = PBXGroup;
			children = (
				6CE03DBA28DB1301007B295E /* Application Lifecycle */,
				6CE03DBB28DB1321007B295E /* Application Support */,
				6CE03DB728DB0BF3007B295E /* View Controllers */,
				6CE03DB628DB0BE4007B295E /* Storyboards */,
				6CE03DA428DB054C007B295E /* Assets.xcassets */,
				6CE03DA928DB054C007B295E /* Info.plist */,
			);
			path = ExternalDisplayAndStageManager;
			sourceTree = "<group>";
		};
		6CE03DB628DB0BE4007B295E /* Storyboards */ = {
			isa = PBXGroup;
			children = (
				6CE03DA128DB054A007B295E /* Main.storyboard */,
				6CE03DAF28DB081E007B295E /* ExternalDisplay.storyboard */,
				6CE03DA628DB054C007B295E /* LaunchScreen.storyboard */,
			);
			path = Storyboards;
			sourceTree = "<group>";
		};
		6CE03DB728DB0BF3007B295E /* View Controllers */ = {
			isa = PBXGroup;
			children = (
				6CE03D9F28DB054A007B295E /* ViewControllerBase.swift */,
				6CE03DB228DB0BA6007B295E /* MainViewController.swift */,
				6CE03DB428DB0BB2007B295E /* ExternalDisplayViewController.swift */,
			);
			path = "View Controllers";
			sourceTree = "<group>";
		};
		6CE03DBA28DB1301007B295E /* Application Lifecycle */ = {
			isa = PBXGroup;
			children = (
				6CE03D9B28DB054A007B295E /* AppDelegate.swift */,
				6CE03D9D28DB054A007B295E /* SceneDelegate.swift */,
			);
			path = "Application Lifecycle";
			sourceTree = "<group>";
		};
		6CE03DBB28DB1321007B295E /* Application Support */ = {
			isa = PBXGroup;
			children = (
				6CE03DB828DB0C63007B295E /* Settings.swift */,
			);
			path = "Application Support";
			sourceTree = "<group>";
		};
/* End PBXGroup section */

/* Begin PBXNativeTarget section */
		6CE03D9728DB054A007B295E /* ExternalDisplayAndStageManager */ = {
			isa = PBXNativeTarget;
			buildConfigurationList = 6CE03DAC28DB054C007B295E /* Build configuration list for PBXNativeTarget "ExternalDisplayAndStageManager" */;
			buildPhases = (
				6CE03D9428DB054A007B295E /* Sources */,
				6CE03D9528DB054A007B295E /* Frameworks */,
				6CE03D9628DB054A007B295E /* Resources */,
			);
			buildRules = (
			);
			dependencies = (
			);
			name = ExternalDisplayAndStageManager;
			productName = ExternalDisplayAndStageManager;
			productReference = 6CE03D9828DB054A007B295E /* ExternalDisplayAndStageManager.app */;
			productType = "com.apple.product-type.application";
		};
/* End PBXNativeTarget section */

/* Begin PBXProject section */
		6CE03D9028DB054A007B295E /* Project object */ = {
			isa = PBXProject;
			attributes = {
				BuildIndependentTargetsInParallel = 1;
				LastSwiftUpdateCheck = 1400;
				LastUpgradeCheck = 1400;
				TargetAttributes = {
					6CE03D9728DB054A007B295E = {
						CreatedOnToolsVersion = 14.0.1;
					};
				};
			};
			buildConfigurationList = 6CE03D9328DB054A007B295E /* Build configuration list for PBXProject "ExternalDisplayAndStageManager" */;
			compatibilityVersion = "Xcode 14.0";
			developmentRegion = en;
			hasScannedForEncodings = 0;
			knownRegions = (
				en,
				Base,
			);
			mainGroup = 6CE03D8F28DB054A007B295E;
			productRefGroup = 6CE03D9928DB054A007B295E /* Products */;
			projectDirPath = "";
			projectRoot = "";
			targets = (
				6CE03D9728DB054A007B295E /* ExternalDisplayAndStageManager */,
			);
		};
/* End PBXProject section */

/* Begin PBXResourcesBuildPhase section */
		6CE03D9628DB054A007B295E /* Resources */ = {
			isa = PBXResourcesBuildPhase;
			buildActionMask = 2147483647;
			files = (
				6CE03DBF28DC48FF007B295E /* LICENSE in Resources */,
				6CE03DA828DB054C007B295E /* LaunchScreen.storyboard in Resources */,
				6CE03DA528DB054C007B295E /* Assets.xcassets in Resources */,
				6CE03DBD28DB18FA007B295E /* README.md in Resources */,
				6CE03DB128DB081E007B295E /* ExternalDisplay.storyboard in Resources */,
				6CE03DA328DB054A007B295E /* Main.storyboard in Resources */,
			);
			runOnlyForDeploymentPostprocessing = 0;
		};
/* End PBXResourcesBuildPhase section */

/* Begin PBXSourcesBuildPhase section */
		6CE03D9428DB054A007B295E /* Sources */ = {
			isa = PBXSourcesBuildPhase;
			buildActionMask = 2147483647;
			files = (
				6CE03DB928DB0C63007B295E /* Settings.swift in Sources */,
				6CE03DA028DB054A007B295E /* ViewControllerBase.swift in Sources */,
				6CE03DB528DB0BB2007B295E /* ExternalDisplayViewController.swift in Sources */,
				6CE03D9C28DB054A007B295E /* AppDelegate.swift in Sources */,
				6CE03D9E28DB054A007B295E /* SceneDelegate.swift in Sources */,
				6CE03DB328DB0BA6007B295E /* MainViewController.swift in Sources */,
			);
			runOnlyForDeploymentPostprocessing = 0;
		};
/* End PBXSourcesBuildPhase section */

/* Begin PBXVariantGroup section */
		6CE03DA128DB054A007B295E /* Main.storyboard */ = {
			isa = PBXVariantGroup;
			children = (
				6CE03DA228DB054A007B295E /* Base */,
			);
			name = Main.storyboard;
			sourceTree = "<group>";
		};
		6CE03DA628DB054C007B295E /* LaunchScreen.storyboard */ = {
			isa = PBXVariantGroup;
			children = (
				6CE03DA728DB054C007B295E /* Base */,
			);
			name = LaunchScreen.storyboard;
			sourceTree = "<group>";
		};
		6CE03DAF28DB081E007B295E /* ExternalDisplay.storyboard */ = {
			isa = PBXVariantGroup;
			children = (
				6CE03DB028DB081E007B295E /* Base */,
			);
			name = ExternalDisplay.storyboard;
			sourceTree = "<group>";
		};
/* End PBXVariantGroup section */

/* Begin XCBuildConfiguration section */
		6CE03DAA28DB054C007B295E /* Debug */ = {
			isa = XCBuildConfiguration;
			buildSettings = {
				ALWAYS_SEARCH_USER_PATHS = NO;
				CLANG_ANALYZER_NONNULL = YES;
				CLANG_ANALYZER_NUMBER_OBJECT_CONVERSION = YES_AGGRESSIVE;
				CLANG_CXX_LANGUAGE_STANDARD = "gnu++20";
				CLANG_ENABLE_MODULES = YES;
				CLANG_ENABLE_OBJC_ARC = YES;
				CLANG_ENABLE_OBJC_WEAK = YES;
				CLANG_WARN_BLOCK_CAPTURE_AUTORELEASING = YES;
				CLANG_WARN_BOOL_CONVERSION = YES;
				CLANG_WARN_COMMA = YES;
				CLANG_WARN_CONSTANT_CONVERSION = YES;
				CLANG_WARN_DEPRECATED_OBJC_IMPLEMENTATIONS = YES;
				CLANG_WARN_DIRECT_OBJC_ISA_USAGE = YES_ERROR;
				CLANG_WARN_DOCUMENTATION_COMMENTS = YES;
				CLANG_WARN_EMPTY_BODY = YES;
				CLANG_WARN_ENUM_CONVERSION = YES;
				CLANG_WARN_INFINITE_RECURSION = YES;
				CLANG_WARN_INT_CONVERSION = YES;
				CLANG_WARN_NON_LITERAL_NULL_CONVERSION = YES;
				CLANG_WARN_OBJC_IMPLICIT_RETAIN_SELF = YES;
				CLANG_WARN_OBJC_LITERAL_CONVERSION = YES;
				CLANG_WARN_OBJC_ROOT_CLASS = YES_ERROR;
				CLANG_WARN_QUOTED_INCLUDE_IN_FRAMEWORK_HEADER = YES;
				CLANG_WARN_RANGE_LOOP_ANALYSIS = YES;
				CLANG_WARN_STRICT_PROTOTYPES = YES;
				CLANG_WARN_SUSPICIOUS_MOVE = YES;
				CLANG_WARN_UNGUARDED_AVAILABILITY = YES_AGGRESSIVE;
				CLANG_WARN_UNREACHABLE_CODE = YES;
				CLANG_WARN__DUPLICATE_METHOD_MATCH = YES;
				COPY_PHASE_STRIP = NO;
				DEBUG_INFORMATION_FORMAT = dwarf;
				ENABLE_STRICT_OBJC_MSGSEND = YES;
				ENABLE_TESTABILITY = YES;
				GCC_C_LANGUAGE_STANDARD = gnu11;
				GCC_DYNAMIC_NO_PIC = NO;
				GCC_NO_COMMON_BLOCKS = YES;
				GCC_OPTIMIZATION_LEVEL = 0;
				GCC_PREPROCESSOR_DEFINITIONS = (
					"DEBUG=1",
					"$(inherited)",
				);
				GCC_WARN_64_TO_32_BIT_CONVERSION = YES;
				GCC_WARN_ABOUT_RETURN_TYPE = YES_ERROR;
				GCC_WARN_UNDECLARED_SELECTOR = YES;
				GCC_WARN_UNINITIALIZED_AUTOS = YES_AGGRESSIVE;
				GCC_WARN_UNUSED_FUNCTION = YES;
				GCC_WARN_UNUSED_VARIABLE = YES;
				IPHONEOS_DEPLOYMENT_TARGET = 13.0;
				MTL_ENABLE_DEBUG_INFO = INCLUDE_SOURCE;
				MTL_FAST_MATH = YES;
				ONLY_ACTIVE_ARCH = YES;
				SDKROOT = iphoneos;
				SWIFT_ACTIVE_COMPILATION_CONDITIONS = DEBUG;
				SWIFT_OPTIMIZATION_LEVEL = "-Onone";
			};
			name = Debug;
		};
		6CE03DAB28DB054C007B295E /* Release */ = {
			isa = XCBuildConfiguration;
			buildSettings = {
				ALWAYS_SEARCH_USER_PATHS = NO;
				CLANG_ANALYZER_NONNULL = YES;
				CLANG_ANALYZER_NUMBER_OBJECT_CONVERSION = YES_AGGRESSIVE;
				CLANG_CXX_LANGUAGE_STANDARD = "gnu++20";
				CLANG_ENABLE_MODULES = YES;
				CLANG_ENABLE_OBJC_ARC = YES;
				CLANG_ENABLE_OBJC_WEAK = YES;
				CLANG_WARN_BLOCK_CAPTURE_AUTORELEASING = YES;
				CLANG_WARN_BOOL_CONVERSION = YES;
				CLANG_WARN_COMMA = YES;
				CLANG_WARN_CONSTANT_CONVERSION = YES;
				CLANG_WARN_DEPRECATED_OBJC_IMPLEMENTATIONS = YES;
				CLANG_WARN_DIRECT_OBJC_ISA_USAGE = YES_ERROR;
				CLANG_WARN_DOCUMENTATION_COMMENTS = YES;
				CLANG_WARN_EMPTY_BODY = YES;
				CLANG_WARN_ENUM_CONVERSION = YES;
				CLANG_WARN_INFINITE_RECURSION = YES;
				CLANG_WARN_INT_CONVERSION = YES;
				CLANG_WARN_NON_LITERAL_NULL_CONVERSION = YES;
				CLANG_WARN_OBJC_IMPLICIT_RETAIN_SELF = YES;
				CLANG_WARN_OBJC_LITERAL_CONVERSION = YES;
				CLANG_WARN_OBJC_ROOT_CLASS = YES_ERROR;
				CLANG_WARN_QUOTED_INCLUDE_IN_FRAMEWORK_HEADER = YES;
				CLANG_WARN_RANGE_LOOP_ANALYSIS = YES;
				CLANG_WARN_STRICT_PROTOTYPES = YES;
				CLANG_WARN_SUSPICIOUS_MOVE = YES;
				CLANG_WARN_UNGUARDED_AVAILABILITY = YES_AGGRESSIVE;
				CLANG_WARN_UNREACHABLE_CODE = YES;
				CLANG_WARN__DUPLICATE_METHOD_MATCH = YES;
				COPY_PHASE_STRIP = NO;
				DEBUG_INFORMATION_FORMAT = "dwarf-with-dsym";
				ENABLE_NS_ASSERTIONS = NO;
				ENABLE_STRICT_OBJC_MSGSEND = YES;
				GCC_C_LANGUAGE_STANDARD = gnu11;
				GCC_NO_COMMON_BLOCKS = YES;
				GCC_WARN_64_TO_32_BIT_CONVERSION = YES;
				GCC_WARN_ABOUT_RETURN_TYPE = YES_ERROR;
				GCC_WARN_UNDECLARED_SELECTOR = YES;
				GCC_WARN_UNINITIALIZED_AUTOS = YES_AGGRESSIVE;
				GCC_WARN_UNUSED_FUNCTION = YES;
				GCC_WARN_UNUSED_VARIABLE = YES;
				IPHONEOS_DEPLOYMENT_TARGET = 13.0;
				MTL_ENABLE_DEBUG_INFO = NO;
				MTL_FAST_MATH = YES;
				SDKROOT = iphoneos;
				SWIFT_COMPILATION_MODE = wholemodule;
				SWIFT_OPTIMIZATION_LEVEL = "-O";
				VALIDATE_PRODUCT = YES;
			};
			name = Release;
		};
		6CE03DAD28DB054C007B295E /* Debug */ = {
			isa = XCBuildConfiguration;
			buildSettings = {
				ASSETCATALOG_COMPILER_APPICON_NAME = AppIcon;
				ASSETCATALOG_COMPILER_GLOBAL_ACCENT_COLOR_NAME = AccentColor;
				CODE_SIGN_STYLE = Automatic;
				CURRENT_PROJECT_VERSION = 1;
				DEVELOPMENT_TEAM = "";
				GENERATE_INFOPLIST_FILE = YES;
				INFOPLIST_FILE = ExternalDisplayAndStageManager/Info.plist;
				INFOPLIST_KEY_UIApplicationSupportsIndirectInputEvents = YES;
				INFOPLIST_KEY_UILaunchStoryboardName = LaunchScreen;
				INFOPLIST_KEY_UIMainStoryboardFile = Main;
				INFOPLIST_KEY_UISupportedInterfaceOrientations_iPad = "UIInterfaceOrientationPortrait UIInterfaceOrientationPortraitUpsideDown UIInterfaceOrientationLandscapeLeft UIInterfaceOrientationLandscapeRight";
				INFOPLIST_KEY_UISupportedInterfaceOrientations_iPhone = "UIInterfaceOrientationPortrait UIInterfaceOrientationLandscapeLeft UIInterfaceOrientationLandscapeRight";
				LD_RUNPATH_SEARCH_PATHS = (
					"$(inherited)",
					"@executable_path/Frameworks",
				);
				MARKETING_VERSION = 1.0;
				PRODUCT_BUNDLE_IDENTIFIER = com.hacknicity.ExternalDisplayAndStageManager;
				PRODUCT_NAME = "$(TARGET_NAME)";
				SWIFT_EMIT_LOC_STRINGS = YES;
				SWIFT_VERSION = 5.0;
				TARGETED_DEVICE_FAMILY = "1,2";
			};
			name = Debug;
		};
		6CE03DAE28DB054C007B295E /* Release */ = {
			isa = XCBuildConfiguration;
			buildSettings = {
				ASSETCATALOG_COMPILER_APPICON_NAME = AppIcon;
				ASSETCATALOG_COMPILER_GLOBAL_ACCENT_COLOR_NAME = AccentColor;
				CODE_SIGN_STYLE = Automatic;
				CURRENT_PROJECT_VERSION = 1;
				DEVELOPMENT_TEAM = "";
				GENERATE_INFOPLIST_FILE = YES;
				INFOPLIST_FILE = ExternalDisplayAndStageManager/Info.plist;
				INFOPLIST_KEY_UIApplicationSupportsIndirectInputEvents = YES;
				INFOPLIST_KEY_UILaunchStoryboardName = LaunchScreen;
				INFOPLIST_KEY_UIMainStoryboardFile = Main;
				INFOPLIST_KEY_UISupportedInterfaceOrientations_iPad = "UIInterfaceOrientationPortrait UIInterfaceOrientationPortraitUpsideDown UIInterfaceOrientationLandscapeLeft UIInterfaceOrientationLandscapeRight";
				INFOPLIST_KEY_UISupportedInterfaceOrientations_iPhone = "UIInterfaceOrientationPortrait UIInterfaceOrientationLandscapeLeft UIInterfaceOrientationLandscapeRight";
				LD_RUNPATH_SEARCH_PATHS = (
					"$(inherited)",
					"@executable_path/Frameworks",
				);
				MARKETING_VERSION = 1.0;
				PRODUCT_BUNDLE_IDENTIFIER = com.hacknicity.ExternalDisplayAndStageManager;
				PRODUCT_NAME = "$(TARGET_NAME)";
				SWIFT_EMIT_LOC_STRINGS = YES;
				SWIFT_VERSION = 5.0;
				TARGETED_DEVICE_FAMILY = "1,2";
			};
			name = Release;
		};
/* End XCBuildConfiguration section */

/* Begin XCConfigurationList section */
		6CE03D9328DB054A007B295E /* Build configuration list for PBXProject "ExternalDisplayAndStageManager" */ = {
			isa = XCConfigurationList;
			buildConfigurations = (
				6CE03DAA28DB054C007B295E /* Debug */,
				6CE03DAB28DB054C007B295E /* Release */,
			);
			defaultConfigurationIsVisible = 0;
			defaultConfigurationName = Release;
		};
		6CE03DAC28DB054C007B295E /* Build configuration list for PBXNativeTarget "ExternalDisplayAndStageManager" */ = {
			isa = XCConfigurationList;
			buildConfigurations = (
				6CE03DAD28DB054C007B295E /* Debug */,
				6CE03DAE28DB054C007B295E /* Release */,
			);
			defaultConfigurationIsVisible = 0;
			defaultConfigurationName = Release;
		};
/* End XCConfigurationList section */
	};
	rootObject = 6CE03D9028DB054A007B295E /* Project object */;
}
